
Microsoft Visual Studio Solution File, Format Version 12.00
# Visual Studio 15
VisualStudioVersion = 15.0.27703.2035
MinimumVisualStudioVersion = 10.0.40219.1
Project("{9A19103F-16F7-4668-BE54-9A1E7A4F7556}") = "ChkRepo", "ChkRepo\ChkRepo.csproj", "{4A9D7ADE-5222-40D8-B43E-2CF14F92F6A0}"
EndProject
Project("{FAE04EC0-301F-11D3-BF4B-00C04F79EFBC}") = "ChkRepoDAL", "ChkRepoDAL\ChkRepoDAL.csproj", "{8F7213C7-632C-45D4-8B55-6016A40184F8}"
EndProject
Project("{FAE04EC0-301F-11D3-BF4B-00C04F79EFBC}") = "ChkRepoBLL", "ChkRepoBLL\ChkRepoBLL.csproj", "{45243661-5A0E-432F-8FAF-69C4D1BDEF8A}"
EndProject
Project("{FAE04EC0-301F-11D3-BF4B-00C04F79EFBC}") = "ViewModel", "ViewModel\ViewModel.csproj", "{64BA5319-25EC-4D69-B595-7796E769B26F}"
EndProject
Project("{FAE04EC0-301F-11D3-BF4B-00C04F79EFBC}") = "ChkRepoUtility", "ChkRepoUtility\ChkRepoUtility.csproj", "{107E8F0C-3428-417C-BD67-082B0FDAE05E}"
EndProject
Global
	GlobalSection(SolutionConfigurationPlatforms) = preSolution
		Debug|Any CPU = Debug|Any CPU
		Release|Any CPU = Release|Any CPU
	EndGlobalSection
	GlobalSection(ProjectConfigurationPlatforms) = postSolution
		{4A9D7ADE-5222-40D8-B43E-2CF14F92F6A0}.Debug|Any CPU.ActiveCfg = Debug|Any CPU
		{4A9D7ADE-5222-40D8-B43E-2CF14F92F6A0}.Debug|Any CPU.Build.0 = Debug|Any CPU
		{4A9D7ADE-5222-40D8-B43E-2CF14F92F6A0}.Release|Any CPU.ActiveCfg = Release|Any CPU
		{4A9D7ADE-5222-40D8-B43E-2CF14F92F6A0}.Release|Any CPU.Build.0 = Release|Any CPU
		{8F7213C7-632C-45D4-8B55-6016A40184F8}.Debug|Any CPU.ActiveCfg = Debug|Any CPU
		{8F7213C7-632C-45D4-8B55-6016A40184F8}.Debug|Any CPU.Build.0 = Debug|Any CPU
		{8F7213C7-632C-45D4-8B55-6016A40184F8}.Release|Any CPU.ActiveCfg = Release|Any CPU
		{8F7213C7-632C-45D4-8B55-6016A40184F8}.Release|Any CPU.Build.0 = Release|Any CPU
		{45243661-5A0E-432F-8FAF-69C4D1BDEF8A}.Debug|Any CPU.ActiveCfg = Debug|Any CPU
		{45243661-5A0E-432F-8FAF-69C4D1BDEF8A}.Debug|Any CPU.Build.0 = Debug|Any CPU
		{45243661-5A0E-432F-8FAF-69C4D1BDEF8A}.Release|Any CPU.ActiveCfg = Release|Any CPU
		{45243661-5A0E-432F-8FAF-69C4D1BDEF8A}.Release|Any CPU.Build.0 = Release|Any CPU
		{64BA5319-25EC-4D69-B595-7796E769B26F}.Debug|Any CPU.ActiveCfg = Debug|Any CPU
		{64BA5319-25EC-4D69-B595-7796E769B26F}.Debug|Any CPU.Build.0 = Debug|Any CPU
		{64BA5319-25EC-4D69-B595-7796E769B26F}.Release|Any CPU.ActiveCfg = Release|Any CPU
		{64BA5319-25EC-4D69-B595-7796E769B26F}.Release|Any CPU.Build.0 = Release|Any CPU
		{107E8F0C-3428-417C-BD67-082B0FDAE05E}.Debug|Any CPU.ActiveCfg = Debug|Any CPU
		{107E8F0C-3428-417C-BD67-082B0FDAE05E}.Debug|Any CPU.Build.0 = Debug|Any CPU
		{107E8F0C-3428-417C-BD67-082B0FDAE05E}.Release|Any CPU.ActiveCfg = Release|Any CPU
		{107E8F0C-3428-417C-BD67-082B0FDAE05E}.Release|Any CPU.Build.0 = Release|Any CPU
	EndGlobalSection
	GlobalSection(SolutionProperties) = preSolution
		HideSolutionNode = FALSE
	EndGlobalSection
	GlobalSection(ExtensibilityGlobals) = postSolution
		SolutionGuid = {A8CB60FC-1F77-4E12-8A60-0DD3BD0A686B}
	EndGlobalSection
EndGlobal
